
Microsoft Visual Studio Solution File, Format Version 12.00
# Visual Studio Version 16
VisualStudioVersion = 16.0.32126.315
MinimumVisualStudioVersion = 10.0.40219.1
Project("{FAE04EC0-301F-11D3-BF4B-00C04F79EFBC}") = "NetCoreBootcamp", "NetCoreBootcamp\NetCoreBootcamp.csproj", "{926B5E53-B0A9-4A0D-9D85-BB9C0B1BC2CA}"
EndProject
Global
	GlobalSection(SolutionConfigurationPlatforms) = preSolution
		Debug|Any CPU = Debug|Any CPU
		Release|Any CPU = Release|Any CPU
	EndGlobalSection
	GlobalSection(ProjectConfigurationPlatforms) = postSolution
		{926B5E53-B0A9-4A0D-9D85-BB9C0B1BC2CA}.Debug|Any CPU.ActiveCfg = Debug|Any CPU
		{926B5E53-B0A9-4A0D-9D85-BB9C0B1BC2CA}.Debug|Any CPU.Build.0 = Debug|Any CPU
		{926B5E53-B0A9-4A0D-9D85-BB9C0B1BC2CA}.Release|Any CPU.ActiveCfg = Release|Any CPU
		{926B5E53-B0A9-4A0D-9D85-BB9C0B1BC2CA}.Release|Any CPU.Build.0 = Release|Any CPU
	EndGlobalSection
	GlobalSection(SolutionProperties) = preSolution
		HideSolutionNode = FALSE
	EndGlobalSection
	GlobalSection(ExtensibilityGlobals) = postSolution
		SolutionGuid = {BF7A9440-A99A-4552-8C09-0C4BC3A0070D}
	EndGlobalSection
EndGlobal
